
Microsoft Visual Studio Solution File, Format Version 12.00
# Visual Studio Version 17
VisualStudioVersion = 17.12.35527.113
MinimumVisualStudioVersion = 10.0.40219.1
Project("{FAE04EC0-301F-11D3-BF4B-00C04F79EFBC}") = "GestionReservas", "GestionReservas\GestionReservas.csproj", "{EEF43543-3F12-4008-9D25-035A6AA0862B}"
EndProject
Global
	GlobalSection(SolutionConfigurationPlatforms) = preSolution
		Debug|Any CPU = Debug|Any CPU
		Release|Any CPU = Release|Any CPU
	EndGlobalSection
	GlobalSection(ProjectConfigurationPlatforms) = postSolution
		{EEF43543-3F12-4008-9D25-035A6AA0862B}.Debug|Any CPU.ActiveCfg = Debug|Any CPU
		{EEF43543-3F12-4008-9D25-035A6AA0862B}.Debug|Any CPU.Build.0 = Debug|Any CPU
		{EEF43543-3F12-4008-9D25-035A6AA0862B}.Release|Any CPU.ActiveCfg = Release|Any CPU
		{EEF43543-3F12-4008-9D25-035A6AA0862B}.Release|Any CPU.Build.0 = Release|Any CPU
	EndGlobalSection
	GlobalSection(SolutionProperties) = preSolution
		HideSolutionNode = FALSE
	EndGlobalSection
EndGlobal
